
Microsoft Visual Studio Solution File, Format Version 12.00
# Visual Studio Version 16
VisualStudioVersion = 16.0.31624.102
MinimumVisualStudioVersion = 10.0.40219.1
Project("{9A19103F-16F7-4668-BE54-9A1E7A4F7556}") = "DummyApi", "DummyApi\DummyApi.csproj", "{707E9B35-D910-400D-891E-313160AD1CE5}"
EndProject
Project("{FAE04EC0-301F-11D3-BF4B-00C04F79EFBC}") = "DummyServic", "DummyServic\DummyServic.csproj", "{187B37D0-7C5E-409F-A45E-C0C7133E690E}"
EndProject
Project("{9A19103F-16F7-4668-BE54-9A1E7A4F7556}") = "DummyApp", "DummyApp\DummyApp.csproj", "{260ABE2A-B3C9-4D67-ADFE-4E3C9FFD240A}"
EndProject
Project("{FAE04EC0-301F-11D3-BF4B-00C04F79EFBC}") = "DummyWrapper", "DummyWrapper\DummyWrapper.csproj", "{7327CACC-935D-4A35-95EE-0D686B1C7058}"
EndProject
Global
	GlobalSection(SolutionConfigurationPlatforms) = preSolution
		Debug|Any CPU = Debug|Any CPU
		Release|Any CPU = Release|Any CPU
	EndGlobalSection
	GlobalSection(ProjectConfigurationPlatforms) = postSolution
		{707E9B35-D910-400D-891E-313160AD1CE5}.Debug|Any CPU.ActiveCfg = Debug|Any CPU
		{707E9B35-D910-400D-891E-313160AD1CE5}.Debug|Any CPU.Build.0 = Debug|Any CPU
		{707E9B35-D910-400D-891E-313160AD1CE5}.Release|Any CPU.ActiveCfg = Release|Any CPU
		{707E9B35-D910-400D-891E-313160AD1CE5}.Release|Any CPU.Build.0 = Release|Any CPU
		{187B37D0-7C5E-409F-A45E-C0C7133E690E}.Debug|Any CPU.ActiveCfg = Debug|Any CPU
		{187B37D0-7C5E-409F-A45E-C0C7133E690E}.Debug|Any CPU.Build.0 = Debug|Any CPU
		{187B37D0-7C5E-409F-A45E-C0C7133E690E}.Release|Any CPU.ActiveCfg = Release|Any CPU
		{187B37D0-7C5E-409F-A45E-C0C7133E690E}.Release|Any CPU.Build.0 = Release|Any CPU
		{260ABE2A-B3C9-4D67-ADFE-4E3C9FFD240A}.Debug|Any CPU.ActiveCfg = Debug|Any CPU
		{260ABE2A-B3C9-4D67-ADFE-4E3C9FFD240A}.Debug|Any CPU.Build.0 = Debug|Any CPU
		{260ABE2A-B3C9-4D67-ADFE-4E3C9FFD240A}.Release|Any CPU.ActiveCfg = Release|Any CPU
		{260ABE2A-B3C9-4D67-ADFE-4E3C9FFD240A}.Release|Any CPU.Build.0 = Release|Any CPU
		{7327CACC-935D-4A35-95EE-0D686B1C7058}.Debug|Any CPU.ActiveCfg = Debug|Any CPU
		{7327CACC-935D-4A35-95EE-0D686B1C7058}.Debug|Any CPU.Build.0 = Debug|Any CPU
		{7327CACC-935D-4A35-95EE-0D686B1C7058}.Release|Any CPU.ActiveCfg = Release|Any CPU
		{7327CACC-935D-4A35-95EE-0D686B1C7058}.Release|Any CPU.Build.0 = Release|Any CPU
	EndGlobalSection
	GlobalSection(SolutionProperties) = preSolution
		HideSolutionNode = FALSE
	EndGlobalSection
	GlobalSection(ExtensibilityGlobals) = postSolution
		SolutionGuid = {4358F22E-EB5B-42E7-9EF0-37A56E91CD3A}
	EndGlobalSection
EndGlobal
